// !$*UTF8*$!
{
	archiveVersion = 1;
	classes = {
	};
	objectVersion = 46;
	objects = {

/* Begin PBXBuildFile section */
		1B18A1DC1C145B8400526166 /* main.m in Sources */ = {isa = PBXBuildFile; fileRef = 1B18A1DB1C145B8400526166 /* main.m */; };
		1B18A1DF1C145B8400526166 /* AppDelegate.m in Sources */ = {isa = PBXBuildFile; fileRef = 1B18A1DE1C145B8400526166 /* AppDelegate.m */; };
		1B18A1E21C145B8400526166 /* ViewController.m in Sources */ = {isa = PBXBuildFile; fileRef = 1B18A1E11C145B8400526166 /* ViewController.m */; };
		1B18A1E51C145B8400526166 /* Main.storyboard in Resources */ = {isa = PBXBuildFile; fileRef = 1B18A1E31C145B8400526166 /* Main.storyboard */; };
		1B18A1E71C145B8400526166 /* Images.xcassets in Resources */ = {isa = PBXBuildFile; fileRef = 1B18A1E61C145B8400526166 /* Images.xcassets */; };
		1B18A1EA1C145B8400526166 /* LaunchScreen.xib in Resources */ = {isa = PBXBuildFile; fileRef = 1B18A1E81C145B8400526166 /* LaunchScreen.xib */; };
		1B18A1F61C145B8400526166 /* ChecklistTests.m in Sources */ = {isa = PBXBuildFile; fileRef = 1B18A1F51C145B8400526166 /* ChecklistTests.m */; };
/* End PBXBuildFile section */

/* Begin PBXContainerItemProxy section */
		1B18A1F01C145B8400526166 /* PBXContainerItemProxy */ = {
			isa = PBXContainerItemProxy;
			containerPortal = 1B18A1CE1C145B8400526166 /* Project object */;
			proxyType = 1;
			remoteGlobalIDString = 1B18A1D51C145B8400526166;
			remoteInfo = Checklist;
		};
/* End PBXContainerItemProxy section */

/* Begin PBXFileReference section */
		1B18A1D61C145B8400526166 /* Checklist.app */ = {isa = PBXFileReference; explicitFileType = wrapper.application; includeInIndex = 0; path = Checklist.app; sourceTree = BUILT_PRODUCTS_DIR; };
		1B18A1DA1C145B8400526166 /* Info.plist */ = {isa = PBXFileReference; lastKnownFileType = text.plist.xml; path = Info.plist; sourceTree = "<group>"; };
		1B18A1DB1C145B8400526166 /* main.m */ = {isa = PBXFileReference; lastKnownFileType = sourcecode.c.objc; path = main.m; sourceTree = "<group>"; };
		1B18A1DD1C145B8400526166 /* AppDelegate.h */ = {isa = PBXFileReference; lastKnownFileType = sourcecode.c.h; path = AppDelegate.h; sourceTree = "<group>"; };
		1B18A1DE1C145B8400526166 /* AppDelegate.m */ = {isa = PBXFileReference; lastKnownFileType = sourcecode.c.objc; path = AppDelegate.m; sourceTree = "<group>"; };
		1B18A1E01C145B8400526166 /* ViewController.h */ = {isa = PBXFileReference; lastKnownFileType = sourcecode.c.h; path = ViewController.h; sourceTree = "<group>"; };
		1B18A1E11C145B8400526166 /* ViewController.m */ = {isa = PBXFileReference; lastKnownFileType = sourcecode.c.objc; path = ViewController.m; sourceTree = "<group>"; };
		1B18A1E41C145B8400526166 /* Base */ = {isa = PBXFileReference; lastKnownFileType = file.storyboard; name = Base; path = Base.lproj/Main.storyboard; sourceTree = "<group>"; };
		1B18A1E61C145B8400526166 /* Images.xcassets */ = {isa = PBXFileReference; lastKnownFileType = folder.assetcatalog; path = Images.xcassets; sourceTree = "<group>"; };
		1B18A1E91C145B8400526166 /* Base */ = {isa = PBXFileReference; lastKnownFileType = file.xib; name = Base; path = Base.lproj/LaunchScreen.xib; sourceTree = "<group>"; };
		1B18A1EF1C145B8400526166 /* ChecklistTests.xctest */ = {isa = PBXFileReference; explicitFileType = wrapper.cfbundle; includeInIndex = 0; path = ChecklistTests.xctest; sourceTree = BUILT_PRODUCTS_DIR; };
		1B18A1F41C145B8400526166 /* Info.plist */ = {isa = PBXFileReference; lastKnownFileType = text.plist.xml; path = Info.plist; sourceTree = "<group>"; };
		1B18A1F51C145B8400526166 /* ChecklistTests.m */ = {isa = PBXFileReference; lastKnownFileType = sourcecode.c.objc; path = ChecklistTests.m; sourceTree = "<group>"; };
/* End PBXFileReference section */

/* Begin PBXFrameworksBuildPhase section */
		1B18A1D31C145B8400526166 /* Frameworks */ = {
			isa = PBXFrameworksBuildPhase;
			buildActionMask = 2147483647;
			files = (
			);
			runOnlyForDeploymentPostprocessing = 0;
		};
		1B18A1EC1C145B8400526166 /* Frameworks */ = {
			isa = PBXFrameworksBuildPhase;
			buildActionMask = 2147483647;
			files = (
			);
			runOnlyForDeploymentPostprocessing = 0;
		};
/* End PBXFrameworksBuildPhase section */

/* Begin PBXGroup section */
		1B18A1CD1C145B8400526166 = {
			isa = PBXGroup;
			children = (
				1B18A1D81C145B8400526166 /* Checklist */,
				1B18A1F21C145B8400526166 /* ChecklistTests */,
				1B18A1D71C145B8400526166 /* Products */,
			);
			sourceTree = "<group>";
		};
		1B18A1D71C145B8400526166 /* Products */ = {
			isa = PBXGroup;
			children = (
				1B18A1D61C145B8400526166 /* Checklist.app */,
				1B18A1EF1C145B8400526166 /* ChecklistTests.xctest */,
			);
			name = Products;
			sourceTree = "<group>";
		};
		1B18A1D81C145B8400526166 /* Checklist */ = {
			isa = PBXGroup;
			children = (
				1B18A1DD1C145B8400526166 /* AppDelegate.h */,
				1B18A1DE1C145B8400526166 /* AppDelegate.m */,
				1B18A1E01C145B8400526166 /* ViewController.h */,
				1B18A1E11C145B8400526166 /* ViewController.m */,
				1B18A1E31C145B8400526166 /* Main.storyboard */,
				1B18A1E61C145B8400526166 /* Images.xcassets */,
				1B18A1E81C145B8400526166 /* LaunchScreen.xib */,
				1B18A1D91C145B8400526166 /* Supporting Files */,
			);
			path = Checklist;
			sourceTree = "<group>";
		};
		1B18A1D91C145B8400526166 /* Supporting Files */ = {
			isa = PBXGroup;
			children = (
				1B18A1DA1C145B8400526166 /* Info.plist */,
				1B18A1DB1C145B8400526166 /* main.m */,
			);
			name = "Supporting Files";
			sourceTree = "<group>";
		};
		1B18A1F21C145B8400526166 /* ChecklistTests */ = {
			isa = PBXGroup;
			children = (
				1B18A1F51C145B8400526166 /* ChecklistTests.m */,
				1B18A1F31C145B8400526166 /* Supporting Files */,
			);
			path = ChecklistTests;
			sourceTree = "<group>";
		};
		1B18A1F31C145B8400526166 /* Supporting Files */ = {
			isa = PBXGroup;
			children = (
				1B18A1F41C145B8400526166 /* Info.plist */,
			);
			name = "Supporting Files";
			sourceTree = "<group>";
		};
/* End PBXGroup section */

/* Begin PBXNativeTarget section */
		1B18A1D51C145B8400526166 /* Checklist */ = {
			isa = PBXNativeTarget;
			buildConfigurationList = 1B18A1F91C145B8400526166 /* Build configuration list for PBXNativeTarget "Checklist" */;
			buildPhases = (
				1B18A1D21C145B8400526166 /* Sources */,
				1B18A1D31C145B8400526166 /* Frameworks */,
				1B18A1D41C145B8400526166 /* Resources */,
			);
			buildRules = (
			);
			dependencies = (
			);
			name = Checklist;
			productName = Checklist;
			productReference = 1B18A1D61C145B8400526166 /* Checklist.app */;
			productType = "com.apple.product-type.application";
		};
		1B18A1EE1C145B8400526166 /* ChecklistTests */ = {
			isa = PBXNativeTarget;
			buildConfigurationList = 1B18A1FC1C145B8400526166 /* Build configuration list for PBXNativeTarget "ChecklistTests" */;
			buildPhases = (
				1B18A1EB1C145B8400526166 /* Sources */,
				1B18A1EC1C145B8400526166 /* Frameworks */,
				1B18A1ED1C145B8400526166 /* Resources */,
			);
			buildRules = (
			);
			dependencies = (
				1B18A1F11C145B8400526166 /* PBXTargetDependency */,
			);
			name = ChecklistTests;
			productName = ChecklistTests;
			productReference = 1B18A1EF1C145B8400526166 /* ChecklistTests.xctest */;
			productType = "com.apple.product-type.bundle.unit-test";
		};
/* End PBXNativeTarget section */

/* Begin PBXProject section */
		1B18A1CE1C145B8400526166 /* Project object */ = {
			isa = PBXProject;
			attributes = {
				LastUpgradeCheck = 0640;
				ORGANIZATIONNAME = yy;
				TargetAttributes = {
					1B18A1D51C145B8400526166 = {
						CreatedOnToolsVersion = 6.4;
					};
					1B18A1EE1C145B8400526166 = {
						CreatedOnToolsVersion = 6.4;
						TestTargetID = 1B18A1D51C145B8400526166;
					};
				};
			};
			buildConfigurationList = 1B18A1D11C145B8400526166 /* Build configuration list for PBXProject "Checklist" */;
			compatibilityVersion = "Xcode 3.2";
			developmentRegion = English;
			hasScannedForEncodings = 0;
			knownRegions = (
				en,
				Base,
			);
			mainGroup = 1B18A1CD1C145B8400526166;
			productRefGroup = 1B18A1D71C145B8400526166 /* Products */;
			projectDirPath = "";
			projectRoot = "";
			targets = (
				1B18A1D51C145B8400526166 /* Checklist */,
				1B18A1EE1C145B8400526166 /* ChecklistTests */,
			);
		};
/* End PBXProject section */

/* Begin PBXResourcesBuildPhase section */
		1B18A1D41C145B8400526166 /* Resources */ = {
			isa = PBXResourcesBuildPhase;
			buildActionMask = 2147483647;
			files = (
				1B18A1E51C145B8400526166 /* Main.storyboard in Resources */,
				1B18A1EA1C145B8400526166 /* LaunchScreen.xib in Resources */,
				1B18A1E71C145B8400526166 /* Images.xcassets in Resources */,
			);
			runOnlyForDeploymentPostprocessing = 0;
		};
		1B18A1ED1C145B8400526166 /* Resources */ = {
			isa = PBXResourcesBuildPhase;
			buildActionMask = 2147483647;
			files = (
			);
			runOnlyForDeploymentPostprocessing = 0;
		};
/* End PBXResourcesBuildPhase section */

/* Begin PBXSourcesBuildPhase section */
		1B18A1D21C145B8400526166 /* Sources */ = {
			isa = PBXSourcesBuildPhase;
			buildActionMask = 2147483647;
			files = (
				1B18A1E21C145B8400526166 /* ViewController.m in Sources */,
				1B18A1DF1C145B8400526166 /* AppDelegate.m in Sources */,
				1B18A1DC1C145B8400526166 /* main.m in Sources */,
			);
			runOnlyForDeploymentPostprocessing = 0;
		};
		1B18A1EB1C145B8400526166 /* Sources */ = {
			isa = PBXSourcesBuildPhase;
			buildActionMask = 2147483647;
			files = (
				1B18A1F61C145B8400526166 /* ChecklistTests.m in Sources */,
			);
			runOnlyForDeploymentPostprocessing = 0;
		};
/* End PBXSourcesBuildPhase section */

/* Begin PBXTargetDependency section */
		1B18A1F11C145B8400526166 /* PBXTargetDependency */ = {
			isa = PBXTargetDependency;
			target = 1B18A1D51C145B8400526166 /* Checklist */;
			targetProxy = 1B18A1F01C145B8400526166 /* PBXContainerItemProxy */;
		};
/* End PBXTargetDependency section */

/* Begin PBXVariantGroup section */
		1B18A1E31C145B8400526166 /* Main.storyboard */ = {
			isa = PBXVariantGroup;
			children = (
				1B18A1E41C145B8400526166 /* Base */,
			);
			name = Main.storyboard;
			sourceTree = "<group>";
		};
		1B18A1E81C145B8400526166 /* LaunchScreen.xib */ = {
			isa = PBXVariantGroup;
			children = (
				1B18A1E91C145B8400526166 /* Base */,
			);
			name = LaunchScreen.xib;
			sourceTree = "<group>";
		};
/* End PBXVariantGroup section */

/* Begin XCBuildConfiguration section */
		1B18A1F71C145B8400526166 /* Debug */ = {
			isa = XCBuildConfiguration;
			buildSettings = {
				ALWAYS_SEARCH_USER_PATHS = NO;
				CLANG_CXX_LANGUAGE_STANDARD = "gnu++0x";
				CLANG_CXX_LIBRARY = "libc++";
				CLANG_ENABLE_MODULES = YES;
				CLANG_ENABLE_OBJC_ARC = YES;
				CLANG_WARN_BOOL_CONVERSION = YES;
				CLANG_WARN_CONSTANT_CONVERSION = YES;
				CLANG_WARN_DIRECT_OBJC_ISA_USAGE = YES_ERROR;
				CLANG_WARN_EMPTY_BODY = YES;
				CLANG_WARN_ENUM_CONVERSION = YES;
				CLANG_WARN_INT_CONVERSION = YES;
				CLANG_WARN_OBJC_ROOT_CLASS = YES_ERROR;
				CLANG_WARN_UNREACHABLE_CODE = YES;
				CLANG_WARN__DUPLICATE_METHOD_MATCH = YES;
				"CODE_SIGN_IDENTITY[sdk=iphoneos*]" = "iPhone Developer";
				COPY_PHASE_STRIP = NO;
				DEBUG_INFORMATION_FORMAT = "dwarf-with-dsym";
				ENABLE_STRICT_OBJC_MSGSEND = YES;
				GCC_C_LANGUAGE_STANDARD = gnu99;
				GCC_DYNAMIC_NO_PIC = NO;
				GCC_NO_COMMON_BLOCKS = YES;
				GCC_OPTIMIZATION_LEVEL = 0;
				GCC_PREPROCESSOR_DEFINITIONS = (
					"DEBUG=1",
					"$(inherited)",
				);
				GCC_SYMBOLS_PRIVATE_EXTERN = NO;
				GCC_WARN_64_TO_32_BIT_CONVERSION = YES;
				GCC_WARN_ABOUT_RETURN_TYPE = YES_ERROR;
				GCC_WARN_UNDECLARED_SELECTOR = YES;
				GCC_WARN_UNINITIALIZED_AUTOS = YES_AGGRESSIVE;
				GCC_WARN_UNUSED_FUNCTION = YES;
				GCC_WARN_UNUSED_VARIABLE = YES;
				IPHONEOS_DEPLOYMENT_TARGET = 8.4;
				MTL_ENABLE_DEBUG_INFO = YES;
				ONLY_ACTIVE_ARCH = YES;
				SDKROOT = iphoneos;
			};
			name = Debug;
		};
		1B18A1F81C145B8400526166 /* Release */ = {
			isa = XCBuildConfiguration;
			buildSettings = {
				ALWAYS_SEARCH_USER_PATHS = NO;
				CLANG_CXX_LANGUAGE_STANDARD = "gnu++0x";
				CLANG_CXX_LIBRARY = "libc++";
				CLANG_ENABLE_MODULES = YES;
				CLANG_ENABLE_OBJC_ARC = YES;
				CLANG_WARN_BOOL_CONVERSION = YES;
				CLANG_WARN_CONSTANT_CONVERSION = YES;
				CLANG_WARN_DIRECT_OBJC_ISA_USAGE = YES_ERROR;
				CLANG_WARN_EMPTY_BODY = YES;
				CLANG_WARN_ENUM_CONVERSION = YES;
				CLANG_WARN_INT_CONVERSION = YES;
				CLANG_WARN_OBJC_ROOT_CLASS = YES_ERROR;
				CLANG_WARN_UNREACHABLE_CODE = YES;
				CLANG_WARN__DUPLICATE_METHOD_MATCH = YES;
				"CODE_SIGN_IDENTITY[sdk=iphoneos*]" = "iPhone Developer";
				COPY_PHASE_STRIP = NO;
				DEBUG_INFORMATION_FORMAT = "dwarf-with-dsym";
				ENABLE_NS_ASSERTIONS = NO;
				ENABLE_STRICT_OBJC_MSGSEND = YES;
				GCC_C_LANGUAGE_STANDARD = gnu99;
				GCC_NO_COMMON_BLOCKS = YES;
				GCC_WARN_64_TO_32_BIT_CONVERSION = YES;
				GCC_WARN_ABOUT_RETURN_TYPE = YES_ERROR;
				GCC_WARN_UNDECLARED_SELECTOR = YES;
				GCC_WARN_UNINITIALIZED_AUTOS = YES_AGGRESSIVE;
				GCC_WARN_UNUSED_FUNCTION = YES;
				GCC_WARN_UNUSED_VARIABLE = YES;
				IPHONEOS_DEPLOYMENT_TARGET = 8.4;
				MTL_ENABLE_DEBUG_INFO = NO;
				SDKROOT = iphoneos;
				VALIDATE_PRODUCT = YES;
			};
			name = Release;
		};
		1B18A1FA1C145B8400526166 /* Debug */ = {
			isa = XCBuildConfiguration;
			buildSettings = {
				ASSETCATALOG_COMPILER_APPICON_NAME = AppIcon;
				INFOPLIST_FILE = Checklist/Info.plist;
				LD_RUNPATH_SEARCH_PATHS = "$(inherited) @executable_path/Frameworks";
				PRODUCT_NAME = "$(TARGET_NAME)";
			};
			name = Debug;
		};
		1B18A1FB1C145B8400526166 /* Release */ = {
			isa = XCBuildConfiguration;
			buildSettings = {
				ASSETCATALOG_COMPILER_APPICON_NAME = AppIcon;
				INFOPLIST_FILE = Checklist/Info.plist;
				LD_RUNPATH_SEARCH_PATHS = "$(inherited) @executable_path/Frameworks";
				PRODUCT_NAME = "$(TARGET_NAME)";
			};
			name = Release;
		};
		1B18A1FD1C145B8400526166 /* Debug */ = {
			isa = XCBuildConfiguration;
			buildSettings = {
				BUNDLE_LOADER = "$(TEST_HOST)";
				FRAMEWORK_SEARCH_PATHS = (
					"$(SDKROOT)/Developer/Library/Frameworks",
					"$(inherited)",
				);
				GCC_PREPROCESSOR_DEFINITIONS = (
					"DEBUG=1",
					"$(inherited)",
				);
				INFOPLIST_FILE = ChecklistTests/Info.plist;
				LD_RUNPATH_SEARCH_PATHS = "$(inherited) @executable_path/Frameworks @loader_path/Frameworks";
				PRODUCT_NAME = "$(TARGET_NAME)";
				TEST_HOST = "$(BUILT_PRODUCTS_DIR)/Checklist.app/Checklist";
			};
			name = Debug;
		};
		1B18A1FE1C145B8400526166 /* Release */ = {
			isa = XCBuildConfiguration;
			buildSettings = {
				BUNDLE_LOADER = "$(TEST_HOST)";
				FRAMEWORK_SEARCH_PATHS = (
					"$(SDKROOT)/Developer/Library/Frameworks",
					"$(inherited)",
				);
				INFOPLIST_FILE = ChecklistTests/Info.plist;
				LD_RUNPATH_SEARCH_PATHS = "$(inherited) @executable_path/Frameworks @loader_path/Frameworks";
				PRODUCT_NAME = "$(TARGET_NAME)";
				TEST_HOST = "$(BUILT_PRODUCTS_DIR)/Checklist.app/Checklist";
			};
			name = Release;
		};
/* End XCBuildConfiguration section */

/* Begin XCConfigurationList section */
		1B18A1D11C145B8400526166 /* Build configuration list for PBXProject "Checklist" */ = {
			isa = XCConfigurationList;
			buildConfigurations = (
				1B18A1F71C145B8400526166 /* Debug */,
				1B18A1F81C145B8400526166 /* Release */,
			);
			defaultConfigurationIsVisible = 0;
			defaultConfigurationName = Release;
		};
		1B18A1F91C145B8400526166 /* Build configuration list for PBXNativeTarget "Checklist" */ = {
			isa = XCConfigurationList;
			buildConfigurations = (
				1B18A1FA1C145B8400526166 /* Debug */,
				1B18A1FB1C145B8400526166 /* Release */,
			);
			defaultConfigurationIsVisible = 0;
		};
		1B18A1FC1C145B8400526166 /* Build configuration list for PBXNativeTarget "ChecklistTests" */ = {
			isa = XCConfigurationList;
			buildConfigurations = (
				1B18A1FD1C145B8400526166 /* Debug */,
				1B18A1FE1C145B8400526166 /* Release */,
			);
			defaultConfigurationIsVisible = 0;
		};
/* End XCConfigurationList section */
	};
	rootObject = 1B18A1CE1C145B8400526166 /* Project object */;
}
